
Microsoft Visual Studio Solution File, Format Version 12.00
# Visual Studio Version 17
VisualStudioVersion = 17.10.35122.118
MinimumVisualStudioVersion = 10.0.40219.1
Project("{FAE04EC0-301F-11D3-BF4B-00C04F79EFBC}") = "timeSight", "timeSight\timeSight.csproj", "{6B272964-246C-4586-BC9C-549C96F8FF37}"
EndProject
Global
	GlobalSection(SolutionConfigurationPlatforms) = preSolution
		Debug|Any CPU = Debug|Any CPU
		Release|Any CPU = Release|Any CPU
	EndGlobalSection
	GlobalSection(ProjectConfigurationPlatforms) = postSolution
		{6B272964-246C-4586-BC9C-549C96F8FF37}.Debug|Any CPU.ActiveCfg = Debug|Any CPU
		{6B272964-246C-4586-BC9C-549C96F8FF37}.Debug|Any CPU.Build.0 = Debug|Any CPU
		{6B272964-246C-4586-BC9C-549C96F8FF37}.Release|Any CPU.ActiveCfg = Release|Any CPU
		{6B272964-246C-4586-BC9C-549C96F8FF37}.Release|Any CPU.Build.0 = Release|Any CPU
	EndGlobalSection
	GlobalSection(SolutionProperties) = preSolution
		HideSolutionNode = FALSE
	EndGlobalSection
	GlobalSection(ExtensibilityGlobals) = postSolution
		SolutionGuid = {8178C068-8A92-4FBB-AC65-3E72089BF6B6}
	EndGlobalSection
EndGlobal
